
Microsoft Visual Studio Solution File, Format Version 12.00
# Visual Studio 15
VisualStudioVersion = 15.0.27703.2047
MinimumVisualStudioVersion = 10.0.40219.1
Project("{FAE04EC0-301F-11D3-BF4B-00C04F79EFBC}") = "CentralitaWindowsForms", "CentralitaWindowsForms\CentralitaWindowsForms.csproj", "{9C127181-9D8C-4D0A-8A53-C66D8C0F8480}"
EndProject
Project("{9A19103F-16F7-4668-BE54-9A1E7A4F7556}") = "CentralitaHerencia", "..\CentralitaHerencia\CentralitaHerencia.csproj", "{D0D3B0F9-125E-4766-B0C1-CBE1DCDFFB1B}"
EndProject
Global
	GlobalSection(SolutionConfigurationPlatforms) = preSolution
		Debug|Any CPU = Debug|Any CPU
		Release|Any CPU = Release|Any CPU
	EndGlobalSection
	GlobalSection(ProjectConfigurationPlatforms) = postSolution
		{9C127181-9D8C-4D0A-8A53-C66D8C0F8480}.Debug|Any CPU.ActiveCfg = Debug|Any CPU
		{9C127181-9D8C-4D0A-8A53-C66D8C0F8480}.Debug|Any CPU.Build.0 = Debug|Any CPU
		{9C127181-9D8C-4D0A-8A53-C66D8C0F8480}.Release|Any CPU.ActiveCfg = Release|Any CPU
		{9C127181-9D8C-4D0A-8A53-C66D8C0F8480}.Release|Any CPU.Build.0 = Release|Any CPU
		{D0D3B0F9-125E-4766-B0C1-CBE1DCDFFB1B}.Debug|Any CPU.ActiveCfg = Debug|Any CPU
		{D0D3B0F9-125E-4766-B0C1-CBE1DCDFFB1B}.Debug|Any CPU.Build.0 = Debug|Any CPU
		{D0D3B0F9-125E-4766-B0C1-CBE1DCDFFB1B}.Release|Any CPU.ActiveCfg = Release|Any CPU
		{D0D3B0F9-125E-4766-B0C1-CBE1DCDFFB1B}.Release|Any CPU.Build.0 = Release|Any CPU
	EndGlobalSection
	GlobalSection(SolutionProperties) = preSolution
		HideSolutionNode = FALSE
	EndGlobalSection
	GlobalSection(ExtensibilityGlobals) = postSolution
		SolutionGuid = {39F68E0C-30BF-4106-B87F-4C858ECA4D2E}
	EndGlobalSection
EndGlobal
