
Microsoft Visual Studio Solution File, Format Version 12.00
# Visual Studio 15
VisualStudioVersion = 15.0.28307.779
MinimumVisualStudioVersion = 10.0.40219.1
Project("{FAE04EC0-301F-11D3-BF4B-00C04F79EFBC}") = "ParcialComensales", "ParcialComensales\ParcialComensales.csproj", "{459946E5-DE5F-48ED-9CD4-0A1582551B8C}"
EndProject
Project("{FAE04EC0-301F-11D3-BF4B-00C04F79EFBC}") = "TestComensales", "TestComensales\TestComensales.csproj", "{26C618BF-9A4E-4414-BF84-80D0254C9A7C}"
EndProject
Global
	GlobalSection(SolutionConfigurationPlatforms) = preSolution
		Debug|Any CPU = Debug|Any CPU
		Release|Any CPU = Release|Any CPU
	EndGlobalSection
	GlobalSection(ProjectConfigurationPlatforms) = postSolution
		{459946E5-DE5F-48ED-9CD4-0A1582551B8C}.Debug|Any CPU.ActiveCfg = Debug|Any CPU
		{459946E5-DE5F-48ED-9CD4-0A1582551B8C}.Debug|Any CPU.Build.0 = Debug|Any CPU
		{459946E5-DE5F-48ED-9CD4-0A1582551B8C}.Release|Any CPU.ActiveCfg = Release|Any CPU
		{459946E5-DE5F-48ED-9CD4-0A1582551B8C}.Release|Any CPU.Build.0 = Release|Any CPU
		{26C618BF-9A4E-4414-BF84-80D0254C9A7C}.Debug|Any CPU.ActiveCfg = Debug|Any CPU
		{26C618BF-9A4E-4414-BF84-80D0254C9A7C}.Debug|Any CPU.Build.0 = Debug|Any CPU
		{26C618BF-9A4E-4414-BF84-80D0254C9A7C}.Release|Any CPU.ActiveCfg = Release|Any CPU
		{26C618BF-9A4E-4414-BF84-80D0254C9A7C}.Release|Any CPU.Build.0 = Release|Any CPU
	EndGlobalSection
	GlobalSection(SolutionProperties) = preSolution
		HideSolutionNode = FALSE
	EndGlobalSection
	GlobalSection(ExtensibilityGlobals) = postSolution
		SolutionGuid = {43385733-E7E2-4648-8CF0-81504BA887FE}
	EndGlobalSection
EndGlobal
