
Microsoft Visual Studio Solution File, Format Version 12.00
# Visual Studio 15
VisualStudioVersion = 15.0.27703.2047
MinimumVisualStudioVersion = 10.0.40219.1
Project("{FAE04EC0-301F-11D3-BF4B-00C04F79EFBC}") = "Ejercicio_01", "Ejericicio_01\Ejercicio_01.csproj", "{30150742-534F-4A0A-A971-F39CD68ECA41}"
EndProject
Project("{FAE04EC0-301F-11D3-BF4B-00C04F79EFBC}") = "Clase_02", "Clase_02\Clase_02.csproj", "{9E4B11FD-034E-4985-823A-C0C151BF8A55}"
EndProject
Project("{9A19103F-16F7-4668-BE54-9A1E7A4F7556}") = "MiLibreria", "MiLibreria\MiLibreria.csproj", "{E6BF5808-42B1-4B85-B7AC-75C688F44576}"
EndProject
Project("{9A19103F-16F7-4668-BE54-9A1E7A4F7556}") = "Clase_02.Entidades", "Clase_02.Entidades\Clase_02.Entidades.csproj", "{C5992F01-965E-4E8C-BFB4-ECDEA4B19FC6}"
EndProject
Project("{FAE04EC0-301F-11D3-BF4B-00C04F79EFBC}") = "Clase_03", "Clase_03\Clase_03.csproj", "{200CB754-8A3A-43BA-8333-197077353533}"
EndProject
Project("{FAE04EC0-301F-11D3-BF4B-00C04F79EFBC}") = "Ejercicio_16", "Ejercicio_16\Ejercicio_16.csproj", "{7354E311-3EC5-48A3-B608-A59E1F88C26F}"
EndProject
Project("{9A19103F-16F7-4668-BE54-9A1E7A4F7556}") = "Clase4.Entidades", "Clase4.Entidades\Clase4.Entidades.csproj", "{7F2A8AAA-C648-4614-9404-A61DF1424736}"
EndProject
Project("{FAE04EC0-301F-11D3-BF4B-00C04F79EFBC}") = "Clase_04", "Clase_04\Clase_04.csproj", "{27BDA38F-AD32-4BF7-95A0-A472DEB0A529}"
EndProject
Project("{FAE04EC0-301F-11D3-BF4B-00C04F79EFBC}") = "Clase04.WindowsForms", "Clase04.WindowsForms\Clase04.WindowsForms.csproj", "{A5646CFC-E1F4-4B98-A951-5AB768B48E7A}"
EndProject
Project("{9A19103F-16F7-4668-BE54-9A1E7A4F7556}") = "Clase_05.Entitades", "Clase_05.Entitades\Clase_05.Entitades.csproj", "{C7FE5C18-0868-4183-9763-10DF94EFDC0C}"
EndProject
Project("{FAE04EC0-301F-11D3-BF4B-00C04F79EFBC}") = "Clase_05", "Clase_05\Clase_05.csproj", "{9537EFA9-ECD9-410A-BB64-DA1D79B3A948}"
EndProject
Project("{9A19103F-16F7-4668-BE54-9A1E7A4F7556}") = "Clase_06.Entidades", "Clase_06.Entidades\Clase_06.Entidades.csproj", "{D5C69DC8-F389-4642-8E01-E6253BD05A36}"
EndProject
Project("{FAE04EC0-301F-11D3-BF4B-00C04F79EFBC}") = "Clase_06.WF", "Clase_06.WF\Clase_06.WF.csproj", "{DC1A821C-4854-4C63-8CBA-6B27B85D5DD9}"
EndProject
Project("{FAE04EC0-301F-11D3-BF4B-00C04F79EFBC}") = "Clase_08", "Clase_08\Clase_08.csproj", "{EC5D1D96-0EC6-4E2D-B528-EC18EBC039E0}"
EndProject
Project("{9A19103F-16F7-4668-BE54-9A1E7A4F7556}") = "Clase_08.Entidades", "Clase_08.Entidades\Clase_08.Entidades.csproj", "{D42019C7-30FA-4F81-A563-9DD9505DE08D}"
EndProject
Project("{9A19103F-16F7-4668-BE54-9A1E7A4F7556}") = "Clase_09.Entidades", "Clase_09.Entidades\Clase_09.Entidades.csproj", "{F07EEFAF-05FB-497E-9FBE-2F72CA8C2FF0}"
EndProject
Project("{FAE04EC0-301F-11D3-BF4B-00C04F79EFBC}") = "Clase_09.WF", "Clase_09.WF\Clase_09.WF.csproj", "{83B0CFCA-3CDD-4FF3-9522-8DAC43CAF6A8}"
EndProject
Global
	GlobalSection(SolutionConfigurationPlatforms) = preSolution
		Debug|Any CPU = Debug|Any CPU
		Release|Any CPU = Release|Any CPU
	EndGlobalSection
	GlobalSection(ProjectConfigurationPlatforms) = postSolution
		{30150742-534F-4A0A-A971-F39CD68ECA41}.Debug|Any CPU.ActiveCfg = Debug|Any CPU
		{30150742-534F-4A0A-A971-F39CD68ECA41}.Debug|Any CPU.Build.0 = Debug|Any CPU
		{30150742-534F-4A0A-A971-F39CD68ECA41}.Release|Any CPU.ActiveCfg = Release|Any CPU
		{30150742-534F-4A0A-A971-F39CD68ECA41}.Release|Any CPU.Build.0 = Release|Any CPU
		{9E4B11FD-034E-4985-823A-C0C151BF8A55}.Debug|Any CPU.ActiveCfg = Debug|Any CPU
		{9E4B11FD-034E-4985-823A-C0C151BF8A55}.Debug|Any CPU.Build.0 = Debug|Any CPU
		{9E4B11FD-034E-4985-823A-C0C151BF8A55}.Release|Any CPU.ActiveCfg = Release|Any CPU
		{9E4B11FD-034E-4985-823A-C0C151BF8A55}.Release|Any CPU.Build.0 = Release|Any CPU
		{E6BF5808-42B1-4B85-B7AC-75C688F44576}.Debug|Any CPU.ActiveCfg = Debug|Any CPU
		{E6BF5808-42B1-4B85-B7AC-75C688F44576}.Debug|Any CPU.Build.0 = Debug|Any CPU
		{E6BF5808-42B1-4B85-B7AC-75C688F44576}.Release|Any CPU.ActiveCfg = Release|Any CPU
		{E6BF5808-42B1-4B85-B7AC-75C688F44576}.Release|Any CPU.Build.0 = Release|Any CPU
		{C5992F01-965E-4E8C-BFB4-ECDEA4B19FC6}.Debug|Any CPU.ActiveCfg = Debug|Any CPU
		{C5992F01-965E-4E8C-BFB4-ECDEA4B19FC6}.Debug|Any CPU.Build.0 = Debug|Any CPU
		{C5992F01-965E-4E8C-BFB4-ECDEA4B19FC6}.Release|Any CPU.ActiveCfg = Release|Any CPU
		{C5992F01-965E-4E8C-BFB4-ECDEA4B19FC6}.Release|Any CPU.Build.0 = Release|Any CPU
		{200CB754-8A3A-43BA-8333-197077353533}.Debug|Any CPU.ActiveCfg = Debug|Any CPU
		{200CB754-8A3A-43BA-8333-197077353533}.Debug|Any CPU.Build.0 = Debug|Any CPU
		{200CB754-8A3A-43BA-8333-197077353533}.Release|Any CPU.ActiveCfg = Release|Any CPU
		{200CB754-8A3A-43BA-8333-197077353533}.Release|Any CPU.Build.0 = Release|Any CPU
		{7354E311-3EC5-48A3-B608-A59E1F88C26F}.Debug|Any CPU.ActiveCfg = Debug|Any CPU
		{7354E311-3EC5-48A3-B608-A59E1F88C26F}.Debug|Any CPU.Build.0 = Debug|Any CPU
		{7354E311-3EC5-48A3-B608-A59E1F88C26F}.Release|Any CPU.ActiveCfg = Release|Any CPU
		{7354E311-3EC5-48A3-B608-A59E1F88C26F}.Release|Any CPU.Build.0 = Release|Any CPU
		{7F2A8AAA-C648-4614-9404-A61DF1424736}.Debug|Any CPU.ActiveCfg = Debug|Any CPU
		{7F2A8AAA-C648-4614-9404-A61DF1424736}.Debug|Any CPU.Build.0 = Debug|Any CPU
		{7F2A8AAA-C648-4614-9404-A61DF1424736}.Release|Any CPU.ActiveCfg = Release|Any CPU
		{7F2A8AAA-C648-4614-9404-A61DF1424736}.Release|Any CPU.Build.0 = Release|Any CPU
		{27BDA38F-AD32-4BF7-95A0-A472DEB0A529}.Debug|Any CPU.ActiveCfg = Debug|Any CPU
		{27BDA38F-AD32-4BF7-95A0-A472DEB0A529}.Debug|Any CPU.Build.0 = Debug|Any CPU
		{27BDA38F-AD32-4BF7-95A0-A472DEB0A529}.Release|Any CPU.ActiveCfg = Release|Any CPU
		{27BDA38F-AD32-4BF7-95A0-A472DEB0A529}.Release|Any CPU.Build.0 = Release|Any CPU
		{A5646CFC-E1F4-4B98-A951-5AB768B48E7A}.Debug|Any CPU.ActiveCfg = Debug|Any CPU
		{A5646CFC-E1F4-4B98-A951-5AB768B48E7A}.Debug|Any CPU.Build.0 = Debug|Any CPU
		{A5646CFC-E1F4-4B98-A951-5AB768B48E7A}.Release|Any CPU.ActiveCfg = Release|Any CPU
		{A5646CFC-E1F4-4B98-A951-5AB768B48E7A}.Release|Any CPU.Build.0 = Release|Any CPU
		{C7FE5C18-0868-4183-9763-10DF94EFDC0C}.Debug|Any CPU.ActiveCfg = Debug|Any CPU
		{C7FE5C18-0868-4183-9763-10DF94EFDC0C}.Debug|Any CPU.Build.0 = Debug|Any CPU
		{C7FE5C18-0868-4183-9763-10DF94EFDC0C}.Release|Any CPU.ActiveCfg = Release|Any CPU
		{C7FE5C18-0868-4183-9763-10DF94EFDC0C}.Release|Any CPU.Build.0 = Release|Any CPU
		{9537EFA9-ECD9-410A-BB64-DA1D79B3A948}.Debug|Any CPU.ActiveCfg = Debug|Any CPU
		{9537EFA9-ECD9-410A-BB64-DA1D79B3A948}.Debug|Any CPU.Build.0 = Debug|Any CPU
		{9537EFA9-ECD9-410A-BB64-DA1D79B3A948}.Release|Any CPU.ActiveCfg = Release|Any CPU
		{9537EFA9-ECD9-410A-BB64-DA1D79B3A948}.Release|Any CPU.Build.0 = Release|Any CPU
		{D5C69DC8-F389-4642-8E01-E6253BD05A36}.Debug|Any CPU.ActiveCfg = Debug|Any CPU
		{D5C69DC8-F389-4642-8E01-E6253BD05A36}.Debug|Any CPU.Build.0 = Debug|Any CPU
		{D5C69DC8-F389-4642-8E01-E6253BD05A36}.Release|Any CPU.ActiveCfg = Release|Any CPU
		{D5C69DC8-F389-4642-8E01-E6253BD05A36}.Release|Any CPU.Build.0 = Release|Any CPU
		{DC1A821C-4854-4C63-8CBA-6B27B85D5DD9}.Debug|Any CPU.ActiveCfg = Debug|Any CPU
		{DC1A821C-4854-4C63-8CBA-6B27B85D5DD9}.Debug|Any CPU.Build.0 = Debug|Any CPU
		{DC1A821C-4854-4C63-8CBA-6B27B85D5DD9}.Release|Any CPU.ActiveCfg = Release|Any CPU
		{DC1A821C-4854-4C63-8CBA-6B27B85D5DD9}.Release|Any CPU.Build.0 = Release|Any CPU
		{EC5D1D96-0EC6-4E2D-B528-EC18EBC039E0}.Debug|Any CPU.ActiveCfg = Debug|Any CPU
		{EC5D1D96-0EC6-4E2D-B528-EC18EBC039E0}.Debug|Any CPU.Build.0 = Debug|Any CPU
		{EC5D1D96-0EC6-4E2D-B528-EC18EBC039E0}.Release|Any CPU.ActiveCfg = Release|Any CPU
		{EC5D1D96-0EC6-4E2D-B528-EC18EBC039E0}.Release|Any CPU.Build.0 = Release|Any CPU
		{D42019C7-30FA-4F81-A563-9DD9505DE08D}.Debug|Any CPU.ActiveCfg = Debug|Any CPU
		{D42019C7-30FA-4F81-A563-9DD9505DE08D}.Debug|Any CPU.Build.0 = Debug|Any CPU
		{D42019C7-30FA-4F81-A563-9DD9505DE08D}.Release|Any CPU.ActiveCfg = Release|Any CPU
		{D42019C7-30FA-4F81-A563-9DD9505DE08D}.Release|Any CPU.Build.0 = Release|Any CPU
		{F07EEFAF-05FB-497E-9FBE-2F72CA8C2FF0}.Debug|Any CPU.ActiveCfg = Debug|Any CPU
		{F07EEFAF-05FB-497E-9FBE-2F72CA8C2FF0}.Debug|Any CPU.Build.0 = Debug|Any CPU
		{F07EEFAF-05FB-497E-9FBE-2F72CA8C2FF0}.Release|Any CPU.ActiveCfg = Release|Any CPU
		{F07EEFAF-05FB-497E-9FBE-2F72CA8C2FF0}.Release|Any CPU.Build.0 = Release|Any CPU
		{83B0CFCA-3CDD-4FF3-9522-8DAC43CAF6A8}.Debug|Any CPU.ActiveCfg = Debug|Any CPU
		{83B0CFCA-3CDD-4FF3-9522-8DAC43CAF6A8}.Debug|Any CPU.Build.0 = Debug|Any CPU
		{83B0CFCA-3CDD-4FF3-9522-8DAC43CAF6A8}.Release|Any CPU.ActiveCfg = Release|Any CPU
		{83B0CFCA-3CDD-4FF3-9522-8DAC43CAF6A8}.Release|Any CPU.Build.0 = Release|Any CPU
	EndGlobalSection
	GlobalSection(SolutionProperties) = preSolution
		HideSolutionNode = FALSE
	EndGlobalSection
	GlobalSection(ExtensibilityGlobals) = postSolution
		SolutionGuid = {2013D482-05BF-4CE4-AC1F-F0D6EDFD2AD5}
	EndGlobalSection
EndGlobal
