
Microsoft Visual Studio Solution File, Format Version 12.00
# Visual Studio 15
VisualStudioVersion = 15.0.28307.779
MinimumVisualStudioVersion = 10.0.40219.1
Project("{9A19103F-16F7-4668-BE54-9A1E7A4F7556}") = "EntidadFinanciera", "EntidadFinanciera\EntidadFinanciera.csproj", "{11FD1F4C-717A-47E9-94A8-ECAC331F858A}"
EndProject
Project("{FAE04EC0-301F-11D3-BF4B-00C04F79EFBC}") = "TestFinanciera", "TestFinanciera\TestFinanciera.csproj", "{F5900790-54BA-4977-9BDD-85D5CABB19B6}"
EndProject
Global
	GlobalSection(SolutionConfigurationPlatforms) = preSolution
		Debug|Any CPU = Debug|Any CPU
		Release|Any CPU = Release|Any CPU
	EndGlobalSection
	GlobalSection(ProjectConfigurationPlatforms) = postSolution
		{11FD1F4C-717A-47E9-94A8-ECAC331F858A}.Debug|Any CPU.ActiveCfg = Debug|Any CPU
		{11FD1F4C-717A-47E9-94A8-ECAC331F858A}.Debug|Any CPU.Build.0 = Debug|Any CPU
		{11FD1F4C-717A-47E9-94A8-ECAC331F858A}.Release|Any CPU.ActiveCfg = Release|Any CPU
		{11FD1F4C-717A-47E9-94A8-ECAC331F858A}.Release|Any CPU.Build.0 = Release|Any CPU
		{F5900790-54BA-4977-9BDD-85D5CABB19B6}.Debug|Any CPU.ActiveCfg = Debug|Any CPU
		{F5900790-54BA-4977-9BDD-85D5CABB19B6}.Debug|Any CPU.Build.0 = Debug|Any CPU
		{F5900790-54BA-4977-9BDD-85D5CABB19B6}.Release|Any CPU.ActiveCfg = Release|Any CPU
		{F5900790-54BA-4977-9BDD-85D5CABB19B6}.Release|Any CPU.Build.0 = Release|Any CPU
	EndGlobalSection
	GlobalSection(SolutionProperties) = preSolution
		HideSolutionNode = FALSE
	EndGlobalSection
	GlobalSection(ExtensibilityGlobals) = postSolution
		SolutionGuid = {70428DB8-7FBC-4C7D-A413-4424EF19EAB1}
	EndGlobalSection
EndGlobal
